
Microsoft Visual Studio Solution File, Format Version 12.00
# Visual Studio Version 17
VisualStudioVersion = 17.9.34723.18
MinimumVisualStudioVersion = 10.0.40219.1
Project("{9A19103F-16F7-4668-BE54-9A1E7A4F7556}") = "lyricsAnalyser", "lyricsAnalyser\lyricsAnalyser.csproj", "{6CF30B75-3728-4A3D-A8A1-3758BB2D6104}"
EndProject
Global
	GlobalSection(SolutionConfigurationPlatforms) = preSolution
		Debug|Any CPU = Debug|Any CPU
		Release|Any CPU = Release|Any CPU
	EndGlobalSection
	GlobalSection(ProjectConfigurationPlatforms) = postSolution
		{6CF30B75-3728-4A3D-A8A1-3758BB2D6104}.Debug|Any CPU.ActiveCfg = Debug|Any CPU
		{6CF30B75-3728-4A3D-A8A1-3758BB2D6104}.Debug|Any CPU.Build.0 = Debug|Any CPU
		{6CF30B75-3728-4A3D-A8A1-3758BB2D6104}.Release|Any CPU.ActiveCfg = Release|Any CPU
		{6CF30B75-3728-4A3D-A8A1-3758BB2D6104}.Release|Any CPU.Build.0 = Release|Any CPU
	EndGlobalSection
	GlobalSection(SolutionProperties) = preSolution
		HideSolutionNode = FALSE
	EndGlobalSection
	GlobalSection(ExtensibilityGlobals) = postSolution
		SolutionGuid = {BBA16E0B-5E4A-4F5E-B13C-3A747E618CE2}
	EndGlobalSection
EndGlobal
